
Microsoft Visual Studio Solution File, Format Version 12.00
# Visual Studio Version 16
VisualStudioVersion = 16.0.32802.440
MinimumVisualStudioVersion = 10.0.40219.1
Project("{FAE04EC0-301F-11D3-BF4B-00C04F79EFBC}") = "calculadoraHerencia", "calculadoraHerencia\calculadoraHerencia.csproj", "{53E6E4E0-CAD3-4156-9E1B-B09E1EAF1BE1}"
EndProject
Global
	GlobalSection(SolutionConfigurationPlatforms) = preSolution
		Debug|Any CPU = Debug|Any CPU
		Release|Any CPU = Release|Any CPU
	EndGlobalSection
	GlobalSection(ProjectConfigurationPlatforms) = postSolution
		{53E6E4E0-CAD3-4156-9E1B-B09E1EAF1BE1}.Debug|Any CPU.ActiveCfg = Debug|Any CPU
		{53E6E4E0-CAD3-4156-9E1B-B09E1EAF1BE1}.Debug|Any CPU.Build.0 = Debug|Any CPU
		{53E6E4E0-CAD3-4156-9E1B-B09E1EAF1BE1}.Release|Any CPU.ActiveCfg = Release|Any CPU
		{53E6E4E0-CAD3-4156-9E1B-B09E1EAF1BE1}.Release|Any CPU.Build.0 = Release|Any CPU
	EndGlobalSection
	GlobalSection(SolutionProperties) = preSolution
		HideSolutionNode = FALSE
	EndGlobalSection
	GlobalSection(ExtensibilityGlobals) = postSolution
		SolutionGuid = {93BCB9A9-7AF6-4491-BC50-19B247184BF1}
	EndGlobalSection
EndGlobal
